
Microsoft Visual Studio Solution File, Format Version 12.00
# Visual Studio Version 17
VisualStudioVersion = 17.3.32929.385
MinimumVisualStudioVersion = 10.0.40219.1
Project("{FAE04EC0-301F-11D3-BF4B-00C04F79EFBC}") = "CRA", "CRA\CRA.csproj", "{D6933E69-57A1-4ED0-8BFE-008923787D00}"
EndProject
Global
	GlobalSection(SolutionConfigurationPlatforms) = preSolution
		Debug|Any CPU = Debug|Any CPU
		Release|Any CPU = Release|Any CPU
	EndGlobalSection
	GlobalSection(ProjectConfigurationPlatforms) = postSolution
		{D6933E69-57A1-4ED0-8BFE-008923787D00}.Debug|Any CPU.ActiveCfg = Debug|Any CPU
		{D6933E69-57A1-4ED0-8BFE-008923787D00}.Debug|Any CPU.Build.0 = Debug|Any CPU
		{D6933E69-57A1-4ED0-8BFE-008923787D00}.Release|Any CPU.ActiveCfg = Release|Any CPU
		{D6933E69-57A1-4ED0-8BFE-008923787D00}.Release|Any CPU.Build.0 = Release|Any CPU
	EndGlobalSection
	GlobalSection(SolutionProperties) = preSolution
		HideSolutionNode = FALSE
	EndGlobalSection
	GlobalSection(ExtensibilityGlobals) = postSolution
		SolutionGuid = {2E3B8B5C-8F9E-450C-BF29-314F9B509B9E}
	EndGlobalSection
EndGlobal
